
Microsoft Visual Studio Solution File, Format Version 12.00
# Visual Studio Version 16
VisualStudioVersion = 16.0.31410.357
MinimumVisualStudioVersion = 10.0.40219.1
Project("{FAE04EC0-301F-11D3-BF4B-00C04F79EFBC}") = "Database", "Database\Database.csproj", "{9CD4E473-CDF2-40BC-B926-920CFCAC5A34}"
EndProject
Project("{FAE04EC0-301F-11D3-BF4B-00C04F79EFBC}") = "Model", "Model\Model.csproj", "{9C2D7F6F-7758-4B0C-AFCE-C3F7F7448A03}"
EndProject
Project("{FAE04EC0-301F-11D3-BF4B-00C04F79EFBC}") = "WinService", "WinService\WinService.csproj", "{233988B3-97A6-4A1B-8489-F8477AE8CEAE}"
EndProject
Project("{FAE04EC0-301F-11D3-BF4B-00C04F79EFBC}") = "Configuration", "Configuration\Configuration.csproj", "{FE0E727F-6754-407A-AE48-B1493DCECDAC}"
EndProject
Global
	GlobalSection(SolutionConfigurationPlatforms) = preSolution
		Debug|Any CPU = Debug|Any CPU
		Release|Any CPU = Release|Any CPU
	EndGlobalSection
	GlobalSection(ProjectConfigurationPlatforms) = postSolution
		{9CD4E473-CDF2-40BC-B926-920CFCAC5A34}.Debug|Any CPU.ActiveCfg = Debug|Any CPU
		{9CD4E473-CDF2-40BC-B926-920CFCAC5A34}.Debug|Any CPU.Build.0 = Debug|Any CPU
		{9CD4E473-CDF2-40BC-B926-920CFCAC5A34}.Release|Any CPU.ActiveCfg = Release|Any CPU
		{9CD4E473-CDF2-40BC-B926-920CFCAC5A34}.Release|Any CPU.Build.0 = Release|Any CPU
		{9C2D7F6F-7758-4B0C-AFCE-C3F7F7448A03}.Debug|Any CPU.ActiveCfg = Debug|Any CPU
		{9C2D7F6F-7758-4B0C-AFCE-C3F7F7448A03}.Debug|Any CPU.Build.0 = Debug|Any CPU
		{9C2D7F6F-7758-4B0C-AFCE-C3F7F7448A03}.Release|Any CPU.ActiveCfg = Release|Any CPU
		{9C2D7F6F-7758-4B0C-AFCE-C3F7F7448A03}.Release|Any CPU.Build.0 = Release|Any CPU
		{233988B3-97A6-4A1B-8489-F8477AE8CEAE}.Debug|Any CPU.ActiveCfg = Debug|Any CPU
		{233988B3-97A6-4A1B-8489-F8477AE8CEAE}.Debug|Any CPU.Build.0 = Debug|Any CPU
		{233988B3-97A6-4A1B-8489-F8477AE8CEAE}.Release|Any CPU.ActiveCfg = Release|Any CPU
		{233988B3-97A6-4A1B-8489-F8477AE8CEAE}.Release|Any CPU.Build.0 = Release|Any CPU
		{FE0E727F-6754-407A-AE48-B1493DCECDAC}.Debug|Any CPU.ActiveCfg = Debug|Any CPU
		{FE0E727F-6754-407A-AE48-B1493DCECDAC}.Debug|Any CPU.Build.0 = Debug|Any CPU
		{FE0E727F-6754-407A-AE48-B1493DCECDAC}.Release|Any CPU.ActiveCfg = Release|Any CPU
		{FE0E727F-6754-407A-AE48-B1493DCECDAC}.Release|Any CPU.Build.0 = Release|Any CPU
	EndGlobalSection
	GlobalSection(SolutionProperties) = preSolution
		HideSolutionNode = FALSE
	EndGlobalSection
	GlobalSection(ExtensibilityGlobals) = postSolution
		SolutionGuid = {743DAC16-6EE0-4E0F-BAA8-0B16D961CF35}
	EndGlobalSection
EndGlobal
